
Microsoft Visual Studio Solution File, Format Version 12.00
# Visual Studio Version 16
VisualStudioVersion = 16.0.29613.14
MinimumVisualStudioVersion = 10.0.40219.1
Project("{FAE04EC0-301F-11D3-BF4B-00C04F79EFBC}") = "Medidas triângulo classes_objetos_atributos", "Medidas triângulo\Medidas triângulo classes_objetos_atributos.csproj", "{A387DD40-CB82-42EC-99AF-F3EB2F92DDE0}"
EndProject
Global
	GlobalSection(SolutionConfigurationPlatforms) = preSolution
		Debug|Any CPU = Debug|Any CPU
		Release|Any CPU = Release|Any CPU
	EndGlobalSection
	GlobalSection(ProjectConfigurationPlatforms) = postSolution
		{A387DD40-CB82-42EC-99AF-F3EB2F92DDE0}.Debug|Any CPU.ActiveCfg = Debug|Any CPU
		{A387DD40-CB82-42EC-99AF-F3EB2F92DDE0}.Debug|Any CPU.Build.0 = Debug|Any CPU
		{A387DD40-CB82-42EC-99AF-F3EB2F92DDE0}.Release|Any CPU.ActiveCfg = Release|Any CPU
		{A387DD40-CB82-42EC-99AF-F3EB2F92DDE0}.Release|Any CPU.Build.0 = Release|Any CPU
	EndGlobalSection
	GlobalSection(SolutionProperties) = preSolution
		HideSolutionNode = FALSE
	EndGlobalSection
	GlobalSection(ExtensibilityGlobals) = postSolution
		SolutionGuid = {68E80408-3441-4EAC-A788-879F81B4BA69}
	EndGlobalSection
EndGlobal
