
Microsoft Visual Studio Solution File, Format Version 12.00
# Visual Studio Version 16
VisualStudioVersion = 16.0.29613.14
MinimumVisualStudioVersion = 10.0.40219.1
Project("{FAE04EC0-301F-11D3-BF4B-00C04F79EFBC}") = "ConsoleApp2", "ConsoleApp2\ConsoleApp2.csproj", "{DFD8A4B8-37C5-4265-8908-CB78B26CD9C1}"
EndProject
Global
	GlobalSection(SolutionConfigurationPlatforms) = preSolution
		Debug|Any CPU = Debug|Any CPU
		Release|Any CPU = Release|Any CPU
	EndGlobalSection
	GlobalSection(ProjectConfigurationPlatforms) = postSolution
		{DFD8A4B8-37C5-4265-8908-CB78B26CD9C1}.Debug|Any CPU.ActiveCfg = Debug|Any CPU
		{DFD8A4B8-37C5-4265-8908-CB78B26CD9C1}.Debug|Any CPU.Build.0 = Debug|Any CPU
		{DFD8A4B8-37C5-4265-8908-CB78B26CD9C1}.Release|Any CPU.ActiveCfg = Release|Any CPU
		{DFD8A4B8-37C5-4265-8908-CB78B26CD9C1}.Release|Any CPU.Build.0 = Release|Any CPU
	EndGlobalSection
	GlobalSection(SolutionProperties) = preSolution
		HideSolutionNode = FALSE
	EndGlobalSection
	GlobalSection(ExtensibilityGlobals) = postSolution
		SolutionGuid = {B9224013-E2DB-4773-9C8C-10A0CDEA7BFA}
	EndGlobalSection
EndGlobal
