
Microsoft Visual Studio Solution File, Format Version 12.00
# Visual Studio Version 16
VisualStudioVersion = 16.0.29613.14
MinimumVisualStudioVersion = 10.0.40219.1
Project("{FAE04EC0-301F-11D3-BF4B-00C04F79EFBC}") = "HoraAtual", "HoraAtual\HoraAtual.csproj", "{AA56B8FF-EF30-4331-BE4C-EC854C8ADF51}"
EndProject
Global
	GlobalSection(SolutionConfigurationPlatforms) = preSolution
		Debug|Any CPU = Debug|Any CPU
		Release|Any CPU = Release|Any CPU
	EndGlobalSection
	GlobalSection(ProjectConfigurationPlatforms) = postSolution
		{AA56B8FF-EF30-4331-BE4C-EC854C8ADF51}.Debug|Any CPU.ActiveCfg = Debug|Any CPU
		{AA56B8FF-EF30-4331-BE4C-EC854C8ADF51}.Debug|Any CPU.Build.0 = Debug|Any CPU
		{AA56B8FF-EF30-4331-BE4C-EC854C8ADF51}.Release|Any CPU.ActiveCfg = Release|Any CPU
		{AA56B8FF-EF30-4331-BE4C-EC854C8ADF51}.Release|Any CPU.Build.0 = Release|Any CPU
	EndGlobalSection
	GlobalSection(SolutionProperties) = preSolution
		HideSolutionNode = FALSE
	EndGlobalSection
	GlobalSection(ExtensibilityGlobals) = postSolution
		SolutionGuid = {C03C0896-394D-4BA6-9319-476184B5A0E6}
	EndGlobalSection
EndGlobal
