
Microsoft Visual Studio Solution File, Format Version 12.00
# Visual Studio Version 16
VisualStudioVersion = 16.0.29613.14
MinimumVisualStudioVersion = 10.0.40219.1
Project("{FAE04EC0-301F-11D3-BF4B-00C04F79EFBC}") = "Calculaor", "Calculaor\Calculaor.csproj", "{7812932C-7CBB-43CE-A0C9-525A4022AF6E}"
EndProject
Global
	GlobalSection(SolutionConfigurationPlatforms) = preSolution
		Debug|Any CPU = Debug|Any CPU
		Release|Any CPU = Release|Any CPU
	EndGlobalSection
	GlobalSection(ProjectConfigurationPlatforms) = postSolution
		{7812932C-7CBB-43CE-A0C9-525A4022AF6E}.Debug|Any CPU.ActiveCfg = Debug|Any CPU
		{7812932C-7CBB-43CE-A0C9-525A4022AF6E}.Debug|Any CPU.Build.0 = Debug|Any CPU
		{7812932C-7CBB-43CE-A0C9-525A4022AF6E}.Release|Any CPU.ActiveCfg = Release|Any CPU
		{7812932C-7CBB-43CE-A0C9-525A4022AF6E}.Release|Any CPU.Build.0 = Release|Any CPU
	EndGlobalSection
	GlobalSection(SolutionProperties) = preSolution
		HideSolutionNode = FALSE
	EndGlobalSection
	GlobalSection(ExtensibilityGlobals) = postSolution
		SolutionGuid = {51ADE48F-47AC-48EE-922F-F451FE0C1F95}
	EndGlobalSection
EndGlobal
