
Microsoft Visual Studio Solution File, Format Version 12.00
# Visual Studio Version 16
VisualStudioVersion = 16.0.29613.14
MinimumVisualStudioVersion = 10.0.40219.1
Project("{FAE04EC0-301F-11D3-BF4B-00C04F79EFBC}") = "APIv2", "APIv2\APIv2.csproj", "{461CB22A-2745-42BD-8E06-743714CDE613}"
EndProject
Global
	GlobalSection(SolutionConfigurationPlatforms) = preSolution
		Debug|Any CPU = Debug|Any CPU
		Release|Any CPU = Release|Any CPU
	EndGlobalSection
	GlobalSection(ProjectConfigurationPlatforms) = postSolution
		{461CB22A-2745-42BD-8E06-743714CDE613}.Debug|Any CPU.ActiveCfg = Debug|Any CPU
		{461CB22A-2745-42BD-8E06-743714CDE613}.Debug|Any CPU.Build.0 = Debug|Any CPU
		{461CB22A-2745-42BD-8E06-743714CDE613}.Release|Any CPU.ActiveCfg = Release|Any CPU
		{461CB22A-2745-42BD-8E06-743714CDE613}.Release|Any CPU.Build.0 = Release|Any CPU
	EndGlobalSection
	GlobalSection(SolutionProperties) = preSolution
		HideSolutionNode = FALSE
	EndGlobalSection
	GlobalSection(ExtensibilityGlobals) = postSolution
		SolutionGuid = {8DA36A28-C28B-4EF6-8A54-C594F8E6CFA2}
	EndGlobalSection
EndGlobal
