
Microsoft Visual Studio Solution File, Format Version 12.00
# Visual Studio Version 16
VisualStudioVersion = 16.0.29613.14
MinimumVisualStudioVersion = 10.0.40219.1
Project("{FAE04EC0-301F-11D3-BF4B-00C04F79EFBC}") = "funcoes", "funcoes\funcoes.csproj", "{A30C98F0-7669-4B32-92F0-20D049720259}"
EndProject
Global
	GlobalSection(SolutionConfigurationPlatforms) = preSolution
		Debug|Any CPU = Debug|Any CPU
		Release|Any CPU = Release|Any CPU
	EndGlobalSection
	GlobalSection(ProjectConfigurationPlatforms) = postSolution
		{A30C98F0-7669-4B32-92F0-20D049720259}.Debug|Any CPU.ActiveCfg = Debug|Any CPU
		{A30C98F0-7669-4B32-92F0-20D049720259}.Debug|Any CPU.Build.0 = Debug|Any CPU
		{A30C98F0-7669-4B32-92F0-20D049720259}.Release|Any CPU.ActiveCfg = Release|Any CPU
		{A30C98F0-7669-4B32-92F0-20D049720259}.Release|Any CPU.Build.0 = Release|Any CPU
	EndGlobalSection
	GlobalSection(SolutionProperties) = preSolution
		HideSolutionNode = FALSE
	EndGlobalSection
	GlobalSection(ExtensibilityGlobals) = postSolution
		SolutionGuid = {87C278BB-4FAE-4A6A-9063-2B780B885833}
	EndGlobalSection
EndGlobal
