
Microsoft Visual Studio Solution File, Format Version 12.00
# Visual Studio Version 16
VisualStudioVersion = 16.0.29613.14
MinimumVisualStudioVersion = 10.0.40219.1
Project("{FAE04EC0-301F-11D3-BF4B-00C04F79EFBC}") = "File", "File\File.csproj", "{AF826A73-3061-4515-BF67-3273238B0628}"
EndProject
Global
	GlobalSection(SolutionConfigurationPlatforms) = preSolution
		Debug|Any CPU = Debug|Any CPU
		Release|Any CPU = Release|Any CPU
	EndGlobalSection
	GlobalSection(ProjectConfigurationPlatforms) = postSolution
		{AF826A73-3061-4515-BF67-3273238B0628}.Debug|Any CPU.ActiveCfg = Debug|Any CPU
		{AF826A73-3061-4515-BF67-3273238B0628}.Debug|Any CPU.Build.0 = Debug|Any CPU
		{AF826A73-3061-4515-BF67-3273238B0628}.Release|Any CPU.ActiveCfg = Release|Any CPU
		{AF826A73-3061-4515-BF67-3273238B0628}.Release|Any CPU.Build.0 = Release|Any CPU
	EndGlobalSection
	GlobalSection(SolutionProperties) = preSolution
		HideSolutionNode = FALSE
	EndGlobalSection
	GlobalSection(ExtensibilityGlobals) = postSolution
		SolutionGuid = {805DB41F-65B1-488E-ADB4-BE3424EC14AB}
	EndGlobalSection
EndGlobal
