
Microsoft Visual Studio Solution File, Format Version 12.00
# Visual Studio Version 16
VisualStudioVersion = 16.0.29613.14
MinimumVisualStudioVersion = 10.0.40219.1
Project("{FAE04EC0-301F-11D3-BF4B-00C04F79EFBC}") = "datetime", "DateTime\datetime.csproj", "{A08ED725-8605-4915-8D0E-72EE59945523}"
EndProject
Global
	GlobalSection(SolutionConfigurationPlatforms) = preSolution
		Debug|Any CPU = Debug|Any CPU
		Release|Any CPU = Release|Any CPU
	EndGlobalSection
	GlobalSection(ProjectConfigurationPlatforms) = postSolution
		{A08ED725-8605-4915-8D0E-72EE59945523}.Debug|Any CPU.ActiveCfg = Debug|Any CPU
		{A08ED725-8605-4915-8D0E-72EE59945523}.Debug|Any CPU.Build.0 = Debug|Any CPU
		{A08ED725-8605-4915-8D0E-72EE59945523}.Release|Any CPU.ActiveCfg = Release|Any CPU
		{A08ED725-8605-4915-8D0E-72EE59945523}.Release|Any CPU.Build.0 = Release|Any CPU
	EndGlobalSection
	GlobalSection(SolutionProperties) = preSolution
		HideSolutionNode = FALSE
	EndGlobalSection
	GlobalSection(ExtensibilityGlobals) = postSolution
		SolutionGuid = {B559CE68-6CFB-4B08-8907-39006FA10B41}
	EndGlobalSection
EndGlobal
