
Microsoft Visual Studio Solution File, Format Version 12.00
# Visual Studio Version 16
VisualStudioVersion = 16.0.29613.14
MinimumVisualStudioVersion = 10.0.40219.1
Project("{FAE04EC0-301F-11D3-BF4B-00C04F79EFBC}") = "Atividade_metodosabastratos", "Atividade_metodosabastratos\Atividade_metodosabastratos.csproj", "{3D71F959-2579-4D7F-BDA0-4021E63E9869}"
EndProject
Global
	GlobalSection(SolutionConfigurationPlatforms) = preSolution
		Debug|Any CPU = Debug|Any CPU
		Release|Any CPU = Release|Any CPU
	EndGlobalSection
	GlobalSection(ProjectConfigurationPlatforms) = postSolution
		{3D71F959-2579-4D7F-BDA0-4021E63E9869}.Debug|Any CPU.ActiveCfg = Debug|Any CPU
		{3D71F959-2579-4D7F-BDA0-4021E63E9869}.Debug|Any CPU.Build.0 = Debug|Any CPU
		{3D71F959-2579-4D7F-BDA0-4021E63E9869}.Release|Any CPU.ActiveCfg = Release|Any CPU
		{3D71F959-2579-4D7F-BDA0-4021E63E9869}.Release|Any CPU.Build.0 = Release|Any CPU
	EndGlobalSection
	GlobalSection(SolutionProperties) = preSolution
		HideSolutionNode = FALSE
	EndGlobalSection
	GlobalSection(ExtensibilityGlobals) = postSolution
		SolutionGuid = {97C08E45-FB60-45F8-A68E-EA78CD94B7A3}
	EndGlobalSection
EndGlobal
