
Microsoft Visual Studio Solution File, Format Version 12.00
# Visual Studio Version 16
VisualStudioVersion = 16.0.29613.14
MinimumVisualStudioVersion = 10.0.40219.1
Project("{FAE04EC0-301F-11D3-BF4B-00C04F79EFBC}") = "Delegates", "Delegates\Delegates.csproj", "{1B56863E-9EB9-48DC-8FED-135B206C6AC1}"
EndProject
Global
	GlobalSection(SolutionConfigurationPlatforms) = preSolution
		Debug|Any CPU = Debug|Any CPU
		Release|Any CPU = Release|Any CPU
	EndGlobalSection
	GlobalSection(ProjectConfigurationPlatforms) = postSolution
		{1B56863E-9EB9-48DC-8FED-135B206C6AC1}.Debug|Any CPU.ActiveCfg = Debug|Any CPU
		{1B56863E-9EB9-48DC-8FED-135B206C6AC1}.Debug|Any CPU.Build.0 = Debug|Any CPU
		{1B56863E-9EB9-48DC-8FED-135B206C6AC1}.Release|Any CPU.ActiveCfg = Release|Any CPU
		{1B56863E-9EB9-48DC-8FED-135B206C6AC1}.Release|Any CPU.Build.0 = Release|Any CPU
	EndGlobalSection
	GlobalSection(SolutionProperties) = preSolution
		HideSolutionNode = FALSE
	EndGlobalSection
	GlobalSection(ExtensibilityGlobals) = postSolution
		SolutionGuid = {F531B190-FB86-45CA-9043-8CF016503F01}
	EndGlobalSection
EndGlobal
